github.com/carlmontanari/difflibgo v0.0.0-20240227210139-93685b1c22ae h1:h4sxL/AXg3FRPf+sT2Y4daEQQE/UAkNAM3U0t4Cgha8=
github.com/carlmontanari/difflibgo v0.0.0-20240227210139-93685b1c22ae/go.mod h1:+3MuSIeC3qmdSesR12cTLeb47R/Vvo+bHdB6hC5HShk=
github.com/ebitengine/purego v0.8.2 h1:jPPGWs2sZ1UgOSgD2bClL0MJIqu58nOmIcBuXr62z1I=
github.com/ebitengine/purego v0.8.2/go.mod h1:iIjxzd6CiRiOG0UyXP+V1+jWqUXVjPKLAI0mRfJZTmQ=
github.com/ebitengine/purego v0.8.3 h1:K+0AjQp63JEZTEMZiwsI9g0+hAMNohwUOtY0RPGexmc=
github.com/ebitengine/purego v0.8.3/go.mod h1:iIjxzd6CiRiOG0UyXP+V1+jWqUXVjPKLAI0mRfJZTmQ=
github.com/ebitengine/purego v0.9.0-alpha.2.0.20250319192307-d99d2bef7bd5 h1:jab4Vcxo8w40yCeB1Hpxpwb2rORGzU+RCZbxwnMiaU0=
github.com/ebitengine/purego v0.9.0-alpha.2.0.20250319192307-d99d2bef7bd5/go.mod h1:iIjxzd6CiRiOG0UyXP+V1+jWqUXVjPKLAI0mRfJZTmQ=
github.com/ebitengine/purego v0.9.0-alpha.2.0.20250411144656-9059adfae616 h1:PP4qw8clXp32j/zbhGG/xuszurzIsPmJdGi1NKuISuE=
github.com/ebitengine/purego v0.9.0-alpha.2.0.20250411144656-9059adfae616/go.mod h1:iIjxzd6CiRiOG0UyXP+V1+jWqUXVjPKLAI0mRfJZTmQ=
github.com/ebitengine/purego v0.9.0-alpha.4 h1:TAXmGRY7c6NPWU9+TCaMd0MwJyz8HmSqRgXJmE7MsS0=
github.com/ebitengine/purego v0.9.0-alpha.4/go.mod h1:iIjxzd6CiRiOG0UyXP+V1+jWqUXVjPKLAI0mRfJZTmQ=
github.com/sirikothe/gotextfsm v1.0.1-0.20200816110946-6aa2cfd355e4 h1:FHUL2HofYJuslFOQdy/JjjP36zxqIpd/dcoiwLMIs7k=
github.com/sirikothe/gotextfsm v1.0.1-0.20200816110946-6aa2cfd355e4/go.mod h1:CJYqpTg9u5VPCoD0VEl9E68prCIiWQD8m457k098DdQ=
